
Microsoft Visual Studio Solution File, Format Version 12.00
# Visual Studio Version 16
VisualStudioVersion = 16.0.30114.105
MinimumVisualStudioVersion = 10.0.40219.1
Project("{2150E333-8FDC-42A3-9474-1A3956D46DE8}") = "Main", "Main", "{D517AE4E-2767-4FB4-B06B-54C9569268B8}"
EndProject
Project("{FAE04EC0-301F-11D3-BF4B-00C04F79EFBC}") = "NProxy.Core", "Main\NProxy.Core\NProxy.Core.csproj", "{E7113BF7-86A3-4B4C-B9B1-EAACD05CE870}"
EndProject
Project("{2150E333-8FDC-42A3-9474-1A3956D46DE8}") = "Test", "Test", "{B27D4D16-D60D-49F3-9330-EF6129522089}"
EndProject
Project("{FAE04EC0-301F-11D3-BF4B-00C04F79EFBC}") = "NProxy.Core.Benchmark", "Test\NProxy.Core.Benchmark\NProxy.Core.Benchmark.csproj", "{6E57B99D-5ED0-4E38-BD1E-A3EEC3B8955D}"
EndProject
Project("{FAE04EC0-301F-11D3-BF4B-00C04F79EFBC}") = "NProxy.Core.Test", "Test\NProxy.Core.Test\NProxy.Core.Test.csproj", "{79E213BB-8F09-4F6E-BB35-77E65A8A873A}"
EndProject
Global
	GlobalSection(SolutionConfigurationPlatforms) = preSolution
		Debug|Any CPU = Debug|Any CPU
		Release|Any CPU = Release|Any CPU
	EndGlobalSection
	GlobalSection(SolutionProperties) = preSolution
		HideSolutionNode = FALSE
	EndGlobalSection
	GlobalSection(ProjectConfigurationPlatforms) = postSolution
		{E7113BF7-86A3-4B4C-B9B1-EAACD05CE870}.Debug|Any CPU.ActiveCfg = Debug|Any CPU
		{E7113BF7-86A3-4B4C-B9B1-EAACD05CE870}.Debug|Any CPU.Build.0 = Debug|Any CPU
		{E7113BF7-86A3-4B4C-B9B1-EAACD05CE870}.Release|Any CPU.ActiveCfg = Release|Any CPU
		{E7113BF7-86A3-4B4C-B9B1-EAACD05CE870}.Release|Any CPU.Build.0 = Release|Any CPU
		{6E57B99D-5ED0-4E38-BD1E-A3EEC3B8955D}.Debug|Any CPU.ActiveCfg = Debug|Any CPU
		{6E57B99D-5ED0-4E38-BD1E-A3EEC3B8955D}.Debug|Any CPU.Build.0 = Debug|Any CPU
		{6E57B99D-5ED0-4E38-BD1E-A3EEC3B8955D}.Release|Any CPU.ActiveCfg = Release|Any CPU
		{6E57B99D-5ED0-4E38-BD1E-A3EEC3B8955D}.Release|Any CPU.Build.0 = Release|Any CPU
		{79E213BB-8F09-4F6E-BB35-77E65A8A873A}.Debug|Any CPU.ActiveCfg = Debug|Any CPU
		{79E213BB-8F09-4F6E-BB35-77E65A8A873A}.Debug|Any CPU.Build.0 = Debug|Any CPU
		{79E213BB-8F09-4F6E-BB35-77E65A8A873A}.Release|Any CPU.ActiveCfg = Release|Any CPU
		{79E213BB-8F09-4F6E-BB35-77E65A8A873A}.Release|Any CPU.Build.0 = Release|Any CPU
	EndGlobalSection
	GlobalSection(NestedProjects) = preSolution
		{E7113BF7-86A3-4B4C-B9B1-EAACD05CE870} = {D517AE4E-2767-4FB4-B06B-54C9569268B8}
		{6E57B99D-5ED0-4E38-BD1E-A3EEC3B8955D} = {B27D4D16-D60D-49F3-9330-EF6129522089}
		{79E213BB-8F09-4F6E-BB35-77E65A8A873A} = {B27D4D16-D60D-49F3-9330-EF6129522089}
	EndGlobalSection
EndGlobal
